
Microsoft Visual Studio Solution File, Format Version 12.00
# Visual Studio Version 17
VisualStudioVersion = 17.0.32014.148
MinimumVisualStudioVersion = 10.0.40219.1
Project("{9A19103F-16F7-4668-BE54-9A1E7A4F7556}") = "FirstBlazorApp", "FirstBlazorApp.csproj", "{C6872525-EB12-4605-9D6D-07197834A7A9}"
EndProject
Global
	GlobalSection(SolutionConfigurationPlatforms) = preSolution
		Debug|Any CPU = Debug|Any CPU
		Release|Any CPU = Release|Any CPU
	EndGlobalSection
	GlobalSection(ProjectConfigurationPlatforms) = postSolution
		{C6872525-EB12-4605-9D6D-07197834A7A9}.Debug|Any CPU.ActiveCfg = Debug|Any CPU
		{C6872525-EB12-4605-9D6D-07197834A7A9}.Debug|Any CPU.Build.0 = Debug|Any CPU
		{C6872525-EB12-4605-9D6D-07197834A7A9}.Release|Any CPU.ActiveCfg = Release|Any CPU
		{C6872525-EB12-4605-9D6D-07197834A7A9}.Release|Any CPU.Build.0 = Release|Any CPU
	EndGlobalSection
	GlobalSection(SolutionProperties) = preSolution
		HideSolutionNode = FALSE
	EndGlobalSection
	GlobalSection(ExtensibilityGlobals) = postSolution
		SolutionGuid = {5BE60C14-27FC-4C73-9C36-03AFB821FF4E}
	EndGlobalSection
EndGlobal
